// !$*UTF8*$!
{
	archiveVersion = 1;
	classes = {
	};
	objectVersion = 48;
	objects = {

/* Begin PBXBuildFile section */
		147B50D7205CEA44001424D2 /* AppDelegate.swift in Sources */ = {isa = PBXBuildFile; fileRef = 147B50D6205CEA44001424D2 /* AppDelegate.swift */; };
		147B50D9205CEA44001424D2 /* ViewController.swift in Sources */ = {isa = PBXBuildFile; fileRef = 147B50D8205CEA44001424D2 /* ViewController.swift */; };
		147B50DC205CEA44001424D2 /* Main.storyboard in Resources */ = {isa = PBXBuildFile; fileRef = 147B50DA205CEA44001424D2 /* Main.storyboard */; };
		147B50DE205CEA44001424D2 /* Assets.xcassets in Resources */ = {isa = PBXBuildFile; fileRef = 147B50DD205CEA44001424D2 /* Assets.xcassets */; };
		147B50E1205CEA44001424D2 /* LaunchScreen.storyboard in Resources */ = {isa = PBXBuildFile; fileRef = 147B50DF205CEA44001424D2 /* LaunchScreen.storyboard */; };
		147B50EC205CEA44001424D2 /* Travel_ITTests.swift in Sources */ = {isa = PBXBuildFile; fileRef = 147B50EB205CEA44001424D2 /* Travel_ITTests.swift */; };
		147B50F7205CEA44001424D2 /* Travel_ITUITests.swift in Sources */ = {isa = PBXBuildFile; fileRef = 147B50F6205CEA44001424D2 /* Travel_ITUITests.swift */; };
		147B5105205CFD1A001424D2 /* PostsTableCell.swift in Sources */ = {isa = PBXBuildFile; fileRef = 147B5104205CFD1A001424D2 /* PostsTableCell.swift */; };
		147B5107205D6106001424D2 /* PostShowVC.swift in Sources */ = {isa = PBXBuildFile; fileRef = 147B5106205D6106001424D2 /* PostShowVC.swift */; };
		14A724CE2063D16200A9BE47 /* HotPosts.storyboard in Resources */ = {isa = PBXBuildFile; fileRef = 14A724CD2063D16200A9BE47 /* HotPosts.storyboard */; };
		14A724D12063D7BA00A9BE47 /* CustomNavigationVC.swift in Sources */ = {isa = PBXBuildFile; fileRef = 14A724D02063D7BA00A9BE47 /* CustomNavigationVC.swift */; };
		14A724D32063DCD100A9BE47 /* CustomTabbarVC.swift in Sources */ = {isa = PBXBuildFile; fileRef = 14A724D22063DCD100A9BE47 /* CustomTabbarVC.swift */; };
		14A724D52063DD0400A9BE47 /* BaseColours.swift in Sources */ = {isa = PBXBuildFile; fileRef = 14A724D42063DD0400A9BE47 /* BaseColours.swift */; };
		14E6026B20652233006BAFCF /* Tools.storyboard in Resources */ = {isa = PBXBuildFile; fileRef = 14E6026A20652233006BAFCF /* Tools.storyboard */; };
		14E6026D20652242006BAFCF /* UserProfile.storyboard in Resources */ = {isa = PBXBuildFile; fileRef = 14E6026C20652242006BAFCF /* UserProfile.storyboard */; };
		14E6026F206522C3006BAFCF /* UsefulSteemitToolsVC.swift in Sources */ = {isa = PBXBuildFile; fileRef = 14E6026E206522C3006BAFCF /* UsefulSteemitToolsVC.swift */; };
		14E60271206524A3006BAFCF /* UserProfileVC.swift in Sources */ = {isa = PBXBuildFile; fileRef = 14E60270206524A3006BAFCF /* UserProfileVC.swift */; };
		14E6027320652A5D006BAFCF /* HotPostsListVC.swift in Sources */ = {isa = PBXBuildFile; fileRef = 14E6027220652A5D006BAFCF /* HotPostsListVC.swift */; };
		14E6027520652BBF006BAFCF /* HotPostShowVC.swift in Sources */ = {isa = PBXBuildFile; fileRef = 14E6027420652BBF006BAFCF /* HotPostShowVC.swift */; };
		14E6027720652C3C006BAFCF /* HotPostsTableCell.swift in Sources */ = {isa = PBXBuildFile; fileRef = 14E6027620652C3C006BAFCF /* HotPostsTableCell.swift */; };
		14E6027F2067B6A5006BAFCF /* UIView+Properties.swift in Sources */ = {isa = PBXBuildFile; fileRef = 14E6027E2067B6A5006BAFCF /* UIView+Properties.swift */; };
		2EB6F374AFCD37B268E0BA7B /* Pods_Travel_IT.framework in Frameworks */ = {isa = PBXBuildFile; fileRef = 77E094BB8B0A5EB6212CBC3B /* Pods_Travel_IT.framework */; };
		7307BF747F9CDEE969022D9C /* Pods_Travel_ITTests.framework in Frameworks */ = {isa = PBXBuildFile; fileRef = AA610B383F2F8AC9B37B0BD6 /* Pods_Travel_ITTests.framework */; };
		A12012B856DB71FC4FF8E70A /* Pods_Travel_ITUITests.framework in Frameworks */ = {isa = PBXBuildFile; fileRef = 75C12EDD7E7937C95839A771 /* Pods_Travel_ITUITests.framework */; };
/* End PBXBuildFile section */

/* Begin PBXContainerItemProxy section */
		147B50E8205CEA44001424D2 /* PBXContainerItemProxy */ = {
			isa = PBXContainerItemProxy;
			containerPortal = 147B50CB205CEA44001424D2 /* Project object */;
			proxyType = 1;
			remoteGlobalIDString = 147B50D2205CEA44001424D2;
			remoteInfo = "Travel-IT";
		};
		147B50F3205CEA44001424D2 /* PBXContainerItemProxy */ = {
			isa = PBXContainerItemProxy;
			containerPortal = 147B50CB205CEA44001424D2 /* Project object */;
			proxyType = 1;
			remoteGlobalIDString = 147B50D2205CEA44001424D2;
			remoteInfo = "Travel-IT";
		};
/* End PBXContainerItemProxy section */

/* Begin PBXFileReference section */
		0414ED727009D50E6981CC27 /* Pods-Travel-IT.release.xcconfig */ = {isa = PBXFileReference; includeInIndex = 1; lastKnownFileType = text.xcconfig; name = "Pods-Travel-IT.release.xcconfig"; path = "Pods/Target Support Files/Pods-Travel-IT/Pods-Travel-IT.release.xcconfig"; sourceTree = "<group>"; };
		147B50D3205CEA44001424D2 /* Travel-IT.app */ = {isa = PBXFileReference; explicitFileType = wrapper.application; includeInIndex = 0; path = "Travel-IT.app"; sourceTree = BUILT_PRODUCTS_DIR; };
		147B50D6205CEA44001424D2 /* AppDelegate.swift */ = {isa = PBXFileReference; lastKnownFileType = sourcecode.swift; path = AppDelegate.swift; sourceTree = "<group>"; };
		147B50D8205CEA44001424D2 /* ViewController.swift */ = {isa = PBXFileReference; lastKnownFileType = sourcecode.swift; path = ViewController.swift; sourceTree = "<group>"; };
		147B50DB205CEA44001424D2 /* Base */ = {isa = PBXFileReference; lastKnownFileType = file.storyboard; name = Base; path = Base.lproj/Main.storyboard; sourceTree = "<group>"; };
		147B50DD205CEA44001424D2 /* Assets.xcassets */ = {isa = PBXFileReference; lastKnownFileType = folder.assetcatalog; path = Assets.xcassets; sourceTree = "<group>"; };
		147B50E0205CEA44001424D2 /* Base */ = {isa = PBXFileReference; lastKnownFileType = file.storyboard; name = Base; path = Base.lproj/LaunchScreen.storyboard; sourceTree = "<group>"; };
		147B50E2205CEA44001424D2 /* Info.plist */ = {isa = PBXFileReference; lastKnownFileType = text.plist.xml; path = Info.plist; sourceTree = "<group>"; };
		147B50E7205CEA44001424D2 /* Travel-ITTests.xctest */ = {isa = PBXFileReference; explicitFileType = wrapper.cfbundle; includeInIndex = 0; path = "Travel-ITTests.xctest"; sourceTree = BUILT_PRODUCTS_DIR; };
		147B50EB205CEA44001424D2 /* Travel_ITTests.swift */ = {isa = PBXFileReference; lastKnownFileType = sourcecode.swift; path = Travel_ITTests.swift; sourceTree = "<group>"; };
		147B50ED205CEA44001424D2 /* Info.plist */ = {isa = PBXFileReference; lastKnownFileType = text.plist.xml; path = Info.plist; sourceTree = "<group>"; };
		147B50F2205CEA44001424D2 /* Travel-ITUITests.xctest */ = {isa = PBXFileReference; explicitFileType = wrapper.cfbundle; includeInIndex = 0; path = "Travel-ITUITests.xctest"; sourceTree = BUILT_PRODUCTS_DIR; };
		147B50F6205CEA44001424D2 /* Travel_ITUITests.swift */ = {isa = PBXFileReference; lastKnownFileType = sourcecode.swift; path = Travel_ITUITests.swift; sourceTree = "<group>"; };
		147B50F8205CEA44001424D2 /* Info.plist */ = {isa = PBXFileReference; lastKnownFileType = text.plist.xml; path = Info.plist; sourceTree = "<group>"; };
		147B5104205CFD1A001424D2 /* PostsTableCell.swift */ = {isa = PBXFileReference; lastKnownFileType = sourcecode.swift; path = PostsTableCell.swift; sourceTree = "<group>"; };
		147B5106205D6106001424D2 /* PostShowVC.swift */ = {isa = PBXFileReference; lastKnownFileType = sourcecode.swift; path = PostShowVC.swift; sourceTree = "<group>"; };
		14A724CD2063D16200A9BE47 /* HotPosts.storyboard */ = {isa = PBXFileReference; lastKnownFileType = file.storyboard; path = HotPosts.storyboard; sourceTree = "<group>"; };
		14A724D02063D7BA00A9BE47 /* CustomNavigationVC.swift */ = {isa = PBXFileReference; lastKnownFileType = sourcecode.swift; path = CustomNavigationVC.swift; sourceTree = "<group>"; };
		14A724D22063DCD100A9BE47 /* CustomTabbarVC.swift */ = {isa = PBXFileReference; lastKnownFileType = sourcecode.swift; path = CustomTabbarVC.swift; sourceTree = "<group>"; };
		14A724D42063DD0400A9BE47 /* BaseColours.swift */ = {isa = PBXFileReference; lastKnownFileType = sourcecode.swift; path = BaseColours.swift; sourceTree = "<group>"; };
		14E6026A20652233006BAFCF /* Tools.storyboard */ = {isa = PBXFileReference; lastKnownFileType = file.storyboard; path = Tools.storyboard; sourceTree = "<group>"; };
		14E6026C20652242006BAFCF /* UserProfile.storyboard */ = {isa = PBXFileReference; lastKnownFileType = file.storyboard; path = UserProfile.storyboard; sourceTree = "<group>"; };
		14E6026E206522C3006BAFCF /* UsefulSteemitToolsVC.swift */ = {isa = PBXFileReference; lastKnownFileType = sourcecode.swift; path = UsefulSteemitToolsVC.swift; sourceTree = "<group>"; };
		14E60270206524A3006BAFCF /* UserProfileVC.swift */ = {isa = PBXFileReference; lastKnownFileType = sourcecode.swift; path = UserProfileVC.swift; sourceTree = "<group>"; };
		14E6027220652A5D006BAFCF /* HotPostsListVC.swift */ = {isa = PBXFileReference; lastKnownFileType = sourcecode.swift; path = HotPostsListVC.swift; sourceTree = "<group>"; };
		14E6027420652BBF006BAFCF /* HotPostShowVC.swift */ = {isa = PBXFileReference; lastKnownFileType = sourcecode.swift; path = HotPostShowVC.swift; sourceTree = "<group>"; };
		14E6027620652C3C006BAFCF /* HotPostsTableCell.swift */ = {isa = PBXFileReference; lastKnownFileType = sourcecode.swift; path = HotPostsTableCell.swift; sourceTree = "<group>"; };
		14E6027E2067B6A5006BAFCF /* UIView+Properties.swift */ = {isa = PBXFileReference; lastKnownFileType = sourcecode.swift; path = "UIView+Properties.swift"; sourceTree = "<group>"; };
		2FB3863114ABC1A69AF198B0 /* Pods-Travel-ITUITests.debug.xcconfig */ = {isa = PBXFileReference; includeInIndex = 1; lastKnownFileType = text.xcconfig; name = "Pods-Travel-ITUITests.debug.xcconfig"; path = "Pods/Target Support Files/Pods-Travel-ITUITests/Pods-Travel-ITUITests.debug.xcconfig"; sourceTree = "<group>"; };
		3CA0381B9729E9456583DD57 /* Pods-Travel-ITUITests.release.xcconfig */ = {isa = PBXFileReference; includeInIndex = 1; lastKnownFileType = text.xcconfig; name = "Pods-Travel-ITUITests.release.xcconfig"; path = "Pods/Target Support Files/Pods-Travel-ITUITests/Pods-Travel-ITUITests.release.xcconfig"; sourceTree = "<group>"; };
		40D2DA033EA82685DFCA66D7 /* Pods-Travel-IT.debug.xcconfig */ = {isa = PBXFileReference; includeInIndex = 1; lastKnownFileType = text.xcconfig; name = "Pods-Travel-IT.debug.xcconfig"; path = "Pods/Target Support Files/Pods-Travel-IT/Pods-Travel-IT.debug.xcconfig"; sourceTree = "<group>"; };
		75C12EDD7E7937C95839A771 /* Pods_Travel_ITUITests.framework */ = {isa = PBXFileReference; explicitFileType = wrapper.framework; includeInIndex = 0; path = Pods_Travel_ITUITests.framework; sourceTree = BUILT_PRODUCTS_DIR; };
		77E094BB8B0A5EB6212CBC3B /* Pods_Travel_IT.framework */ = {isa = PBXFileReference; explicitFileType = wrapper.framework; includeInIndex = 0; path = Pods_Travel_IT.framework; sourceTree = BUILT_PRODUCTS_DIR; };
		7A14F663D0A9FBA7460D312B /* Pods-Travel-ITTests.debug.xcconfig */ = {isa = PBXFileReference; includeInIndex = 1; lastKnownFileType = text.xcconfig; name = "Pods-Travel-ITTests.debug.xcconfig"; path = "Pods/Target Support Files/Pods-Travel-ITTests/Pods-Travel-ITTests.debug.xcconfig"; sourceTree = "<group>"; };
		AA610B383F2F8AC9B37B0BD6 /* Pods_Travel_ITTests.framework */ = {isa = PBXFileReference; explicitFileType = wrapper.framework; includeInIndex = 0; path = Pods_Travel_ITTests.framework; sourceTree = BUILT_PRODUCTS_DIR; };
		E668B83B38D69F03FE7B7AC2 /* Pods-Travel-ITTests.release.xcconfig */ = {isa = PBXFileReference; includeInIndex = 1; lastKnownFileType = text.xcconfig; name = "Pods-Travel-ITTests.release.xcconfig"; path = "Pods/Target Support Files/Pods-Travel-ITTests/Pods-Travel-ITTests.release.xcconfig"; sourceTree = "<group>"; };
/* End PBXFileReference section */

/* Begin PBXFrameworksBuildPhase section */
		147B50D0205CEA44001424D2 /* Frameworks */ = {
			isa = PBXFrameworksBuildPhase;
			buildActionMask = 2147483647;
			files = (
				2EB6F374AFCD37B268E0BA7B /* Pods_Travel_IT.framework in Frameworks */,
			);
			runOnlyForDeploymentPostprocessing = 0;
		};
		147B50E4205CEA44001424D2 /* Frameworks */ = {
			isa = PBXFrameworksBuildPhase;
			buildActionMask = 2147483647;
			files = (
				7307BF747F9CDEE969022D9C /* Pods_Travel_ITTests.framework in Frameworks */,
			);
			runOnlyForDeploymentPostprocessing = 0;
		};
		147B50EF205CEA44001424D2 /* Frameworks */ = {
			isa = PBXFrameworksBuildPhase;
			buildActionMask = 2147483647;
			files = (
				A12012B856DB71FC4FF8E70A /* Pods_Travel_ITUITests.framework in Frameworks */,
			);
			runOnlyForDeploymentPostprocessing = 0;
		};
/* End PBXFrameworksBuildPhase section */

/* Begin PBXGroup section */
		147B50CA205CEA44001424D2 = {
			isa = PBXGroup;
			children = (
				147B50D5205CEA44001424D2 /* Travel-IT */,
				147B50EA205CEA44001424D2 /* Travel-ITTests */,
				147B50F5205CEA44001424D2 /* Travel-ITUITests */,
				147B50D4205CEA44001424D2 /* Products */,
				CC32EA78FBEA5ADD7967755B /* Pods */,
				4EF16B3679071E01C36FEBE8 /* Frameworks */,
			);
			sourceTree = "<group>";
		};
		147B50D4205CEA44001424D2 /* Products */ = {
			isa = PBXGroup;
			children = (
				147B50D3205CEA44001424D2 /* Travel-IT.app */,
				147B50E7205CEA44001424D2 /* Travel-ITTests.xctest */,
				147B50F2205CEA44001424D2 /* Travel-ITUITests.xctest */,
			);
			name = Products;
			sourceTree = "<group>";
		};
		147B50D5205CEA44001424D2 /* Travel-IT */ = {
			isa = PBXGroup;
			children = (
				14A724CA2063D0F600A9BE47 /* Trending Posts */,
				14A724CC2063D13400A9BE47 /* Hot Posts */,
				14E602682065220A006BAFCF /* Tools */,
				14E6026920652219006BAFCF /* User */,
				14A724CF2063D1AC00A9BE47 /* Extensions */,
				147B50D6205CEA44001424D2 /* AppDelegate.swift */,
				147B50DD205CEA44001424D2 /* Assets.xcassets */,
				147B50DF205CEA44001424D2 /* LaunchScreen.storyboard */,
				147B50E2205CEA44001424D2 /* Info.plist */,
			);
			path = "Travel-IT";
			sourceTree = "<group>";
		};
		147B50EA205CEA44001424D2 /* Travel-ITTests */ = {
			isa = PBXGroup;
			children = (
				147B50EB205CEA44001424D2 /* Travel_ITTests.swift */,
				147B50ED205CEA44001424D2 /* Info.plist */,
			);
			path = "Travel-ITTests";
			sourceTree = "<group>";
		};
		147B50F5205CEA44001424D2 /* Travel-ITUITests */ = {
			isa = PBXGroup;
			children = (
				147B50F6205CEA44001424D2 /* Travel_ITUITests.swift */,
				147B50F8205CEA44001424D2 /* Info.plist */,
			);
			path = "Travel-ITUITests";
			sourceTree = "<group>";
		};
		14A724CA2063D0F600A9BE47 /* Trending Posts */ = {
			isa = PBXGroup;
			children = (
				147B50DA205CEA44001424D2 /* Main.storyboard */,
				147B50D8205CEA44001424D2 /* ViewController.swift */,
				147B5106205D6106001424D2 /* PostShowVC.swift */,
				147B5104205CFD1A001424D2 /* PostsTableCell.swift */,
			);
			path = "Trending Posts";
			sourceTree = "<group>";
		};
		14A724CC2063D13400A9BE47 /* Hot Posts */ = {
			isa = PBXGroup;
			children = (
				14A724CD2063D16200A9BE47 /* HotPosts.storyboard */,
				14E6027220652A5D006BAFCF /* HotPostsListVC.swift */,
				14E6027420652BBF006BAFCF /* HotPostShowVC.swift */,
				14E6027620652C3C006BAFCF /* HotPostsTableCell.swift */,
			);
			path = "Hot Posts";
			sourceTree = "<group>";
		};
		14A724CF2063D1AC00A9BE47 /* Extensions */ = {
			isa = PBXGroup;
			children = (
				14A724D02063D7BA00A9BE47 /* CustomNavigationVC.swift */,
				14A724D22063DCD100A9BE47 /* CustomTabbarVC.swift */,
				14A724D42063DD0400A9BE47 /* BaseColours.swift */,
				14E6027E2067B6A5006BAFCF /* UIView+Properties.swift */,
			);
			path = Extensions;
			sourceTree = "<group>";
		};
		14E602682065220A006BAFCF /* Tools */ = {
			isa = PBXGroup;
			children = (
				14E6026A20652233006BAFCF /* Tools.storyboard */,
				14E6026E206522C3006BAFCF /* UsefulSteemitToolsVC.swift */,
			);
			path = Tools;
			sourceTree = "<group>";
		};
		14E6026920652219006BAFCF /* User */ = {
			isa = PBXGroup;
			children = (
				14E6026C20652242006BAFCF /* UserProfile.storyboard */,
				14E60270206524A3006BAFCF /* UserProfileVC.swift */,
			);
			path = User;
			sourceTree = "<group>";
		};
		4EF16B3679071E01C36FEBE8 /* Frameworks */ = {
			isa = PBXGroup;
			children = (
				77E094BB8B0A5EB6212CBC3B /* Pods_Travel_IT.framework */,
				AA610B383F2F8AC9B37B0BD6 /* Pods_Travel_ITTests.framework */,
				75C12EDD7E7937C95839A771 /* Pods_Travel_ITUITests.framework */,
			);
			name = Frameworks;
			sourceTree = "<group>";
		};
		CC32EA78FBEA5ADD7967755B /* Pods */ = {
			isa = PBXGroup;
			children = (
				40D2DA033EA82685DFCA66D7 /* Pods-Travel-IT.debug.xcconfig */,
				0414ED727009D50E6981CC27 /* Pods-Travel-IT.release.xcconfig */,
				7A14F663D0A9FBA7460D312B /* Pods-Travel-ITTests.debug.xcconfig */,
				E668B83B38D69F03FE7B7AC2 /* Pods-Travel-ITTests.release.xcconfig */,
				2FB3863114ABC1A69AF198B0 /* Pods-Travel-ITUITests.debug.xcconfig */,
				3CA0381B9729E9456583DD57 /* Pods-Travel-ITUITests.release.xcconfig */,
			);
			name = Pods;
			sourceTree = "<group>";
		};
/* End PBXGroup section */

/* Begin PBXNativeTarget section */
		147B50D2205CEA44001424D2 /* Travel-IT */ = {
			isa = PBXNativeTarget;
			buildConfigurationList = 147B50FB205CEA44001424D2 /* Build configuration list for PBXNativeTarget "Travel-IT" */;
			buildPhases = (
				9D044E2E617D00F83F8665F0 /* [CP] Check Pods Manifest.lock */,
				147B50CF205CEA44001424D2 /* Sources */,
				147B50D0205CEA44001424D2 /* Frameworks */,
				147B50D1205CEA44001424D2 /* Resources */,
				900A99E53FCFCAE0B5156552 /* [CP] Embed Pods Frameworks */,
				62EC8F516045729FC52F4332 /* [CP] Copy Pods Resources */,
			);
			buildRules = (
			);
			dependencies = (
			);
			name = "Travel-IT";
			productName = "Travel-IT";
			productReference = 147B50D3205CEA44001424D2 /* Travel-IT.app */;
			productType = "com.apple.product-type.application";
		};
		147B50E6205CEA44001424D2 /* Travel-ITTests */ = {
			isa = PBXNativeTarget;
			buildConfigurationList = 147B50FE205CEA44001424D2 /* Build configuration list for PBXNativeTarget "Travel-ITTests" */;
			buildPhases = (
				9062428B0D21AA070FF40049 /* [CP] Check Pods Manifest.lock */,
				147B50E3205CEA44001424D2 /* Sources */,
				147B50E4205CEA44001424D2 /* Frameworks */,
				147B50E5205CEA44001424D2 /* Resources */,
				E53A826B878B6E141D8FDD0A /* [CP] Embed Pods Frameworks */,
				9EB23A7A83C4EE2A12C24313 /* [CP] Copy Pods Resources */,
			);
			buildRules = (
			);
			dependencies = (
				147B50E9205CEA44001424D2 /* PBXTargetDependency */,
			);
			name = "Travel-ITTests";
			productName = "Travel-ITTests";
			productReference = 147B50E7205CEA44001424D2 /* Travel-ITTests.xctest */;
			productType = "com.apple.product-type.bundle.unit-test";
		};
		147B50F1205CEA44001424D2 /* Travel-ITUITests */ = {
			isa = PBXNativeTarget;
			buildConfigurationList = 147B5101205CEA44001424D2 /* Build configuration list for PBXNativeTarget "Travel-ITUITests" */;
			buildPhases = (
				C21D130176C3A064E0320374 /* [CP] Check Pods Manifest.lock */,
				147B50EE205CEA44001424D2 /* Sources */,
				147B50EF205CEA44001424D2 /* Frameworks */,
				147B50F0205CEA44001424D2 /* Resources */,
				CA14BBFEE8A3AB5F3B129A8A /* [CP] Embed Pods Frameworks */,
				FE11142D8D6DDAAFE812EC83 /* [CP] Copy Pods Resources */,
			);
			buildRules = (
			);
			dependencies = (
				147B50F4205CEA44001424D2 /* PBXTargetDependency */,
			);
			name = "Travel-ITUITests";
			productName = "Travel-ITUITests";
			productReference = 147B50F2205CEA44001424D2 /* Travel-ITUITests.xctest */;
			productType = "com.apple.product-type.bundle.ui-testing";
		};
/* End PBXNativeTarget section */

/* Begin PBXProject section */
		147B50CB205CEA44001424D2 /* Project object */ = {
			isa = PBXProject;
			attributes = {
				LastSwiftUpdateCheck = 0920;
				LastUpgradeCheck = 0920;
				ORGANIZATIONNAME = "Ankit Singh";
				TargetAttributes = {
					147B50D2205CEA44001424D2 = {
						CreatedOnToolsVersion = 9.2;
						ProvisioningStyle = Automatic;
					};
					147B50E6205CEA44001424D2 = {
						CreatedOnToolsVersion = 9.2;
						ProvisioningStyle = Automatic;
						TestTargetID = 147B50D2205CEA44001424D2;
					};
					147B50F1205CEA44001424D2 = {
						CreatedOnToolsVersion = 9.2;
						ProvisioningStyle = Automatic;
						TestTargetID = 147B50D2205CEA44001424D2;
					};
				};
			};
			buildConfigurationList = 147B50CE205CEA44001424D2 /* Build configuration list for PBXProject "Travel-IT" */;
			compatibilityVersion = "Xcode 8.0";
			developmentRegion = en;
			hasScannedForEncodings = 0;
			knownRegions = (
				en,
				Base,
			);
			mainGroup = 147B50CA205CEA44001424D2;
			productRefGroup = 147B50D4205CEA44001424D2 /* Products */;
			projectDirPath = "";
			projectRoot = "";
			targets = (
				147B50D2205CEA44001424D2 /* Travel-IT */,
				147B50E6205CEA44001424D2 /* Travel-ITTests */,
				147B50F1205CEA44001424D2 /* Travel-ITUITests */,
			);
		};
/* End PBXProject section */

/* Begin PBXResourcesBuildPhase section */
		147B50D1205CEA44001424D2 /* Resources */ = {
			isa = PBXResourcesBuildPhase;
			buildActionMask = 2147483647;
			files = (
				147B50E1205CEA44001424D2 /* LaunchScreen.storyboard in Resources */,
				147B50DE205CEA44001424D2 /* Assets.xcassets in Resources */,
				14A724CE2063D16200A9BE47 /* HotPosts.storyboard in Resources */,
				14E6026D20652242006BAFCF /* UserProfile.storyboard in Resources */,
				14E6026B20652233006BAFCF /* Tools.storyboard in Resources */,
				147B50DC205CEA44001424D2 /* Main.storyboard in Resources */,
			);
			runOnlyForDeploymentPostprocessing = 0;
		};
		147B50E5205CEA44001424D2 /* Resources */ = {
			isa = PBXResourcesBuildPhase;
			buildActionMask = 2147483647;
			files = (
			);
			runOnlyForDeploymentPostprocessing = 0;
		};
		147B50F0205CEA44001424D2 /* Resources */ = {
			isa = PBXResourcesBuildPhase;
			buildActionMask = 2147483647;
			files = (
			);
			runOnlyForDeploymentPostprocessing = 0;
		};
/* End PBXResourcesBuildPhase section */

/* Begin PBXShellScriptBuildPhase section */
		62EC8F516045729FC52F4332 /* [CP] Copy Pods Resources */ = {
			isa = PBXShellScriptBuildPhase;
			buildActionMask = 2147483647;
			files = (
			);
			inputPaths = (
			);
			name = "[CP] Copy Pods Resources";
			outputPaths = (
			);
			runOnlyForDeploymentPostprocessing = 0;
			shellPath = /bin/sh;
			shellScript = "\"${SRCROOT}/Pods/Target Support Files/Pods-Travel-IT/Pods-Travel-IT-resources.sh\"\n";
			showEnvVarsInLog = 0;
		};
		900A99E53FCFCAE0B5156552 /* [CP] Embed Pods Frameworks */ = {
			isa = PBXShellScriptBuildPhase;
			buildActionMask = 2147483647;
			files = (
			);
			inputPaths = (
				"${SRCROOT}/Pods/Target Support Files/Pods-Travel-IT/Pods-Travel-IT-frameworks.sh",
				"${BUILT_PRODUCTS_DIR}/NVActivityIndicatorView/NVActivityIndicatorView.framework",
				"${BUILT_PRODUCTS_DIR}/SDWebImage/SDWebImage.framework",
				"${BUILT_PRODUCTS_DIR}/SwiftyJSON/SwiftyJSON.framework",
			);
			name = "[CP] Embed Pods Frameworks";
			outputPaths = (
				"${TARGET_BUILD_DIR}/${FRAMEWORKS_FOLDER_PATH}/NVActivityIndicatorView.framework",
				"${TARGET_BUILD_DIR}/${FRAMEWORKS_FOLDER_PATH}/SDWebImage.framework",
				"${TARGET_BUILD_DIR}/${FRAMEWORKS_FOLDER_PATH}/SwiftyJSON.framework",
			);
			runOnlyForDeploymentPostprocessing = 0;
			shellPath = /bin/sh;
			shellScript = "\"${SRCROOT}/Pods/Target Support Files/Pods-Travel-IT/Pods-Travel-IT-frameworks.sh\"\n";
			showEnvVarsInLog = 0;
		};
		9062428B0D21AA070FF40049 /* [CP] Check Pods Manifest.lock */ = {
			isa = PBXShellScriptBuildPhase;
			buildActionMask = 2147483647;
			files = (
			);
			inputPaths = (
				"${PODS_PODFILE_DIR_PATH}/Podfile.lock",
				"${PODS_ROOT}/Manifest.lock",
			);
			name = "[CP] Check Pods Manifest.lock";
			outputPaths = (
				"$(DERIVED_FILE_DIR)/Pods-Travel-ITTests-checkManifestLockResult.txt",
			);
			runOnlyForDeploymentPostprocessing = 0;
			shellPath = /bin/sh;
			shellScript = "diff \"${PODS_PODFILE_DIR_PATH}/Podfile.lock\" \"${PODS_ROOT}/Manifest.lock\" > /dev/null\nif [ $? != 0 ] ; then\n    # print error to STDERR\n    echo \"error: The sandbox is not in sync with the Podfile.lock. Run 'pod install' or update your CocoaPods installation.\" >&2\n    exit 1\nfi\n# This output is used by Xcode 'outputs' to avoid re-running this script phase.\necho \"SUCCESS\" > \"${SCRIPT_OUTPUT_FILE_0}\"\n";
			showEnvVarsInLog = 0;
		};
		9D044E2E617D00F83F8665F0 /* [CP] Check Pods Manifest.lock */ = {
			isa = PBXShellScriptBuildPhase;
			buildActionMask = 2147483647;
			files = (
			);
			inputPaths = (
				"${PODS_PODFILE_DIR_PATH}/Podfile.lock",
				"${PODS_ROOT}/Manifest.lock",
			);
			name = "[CP] Check Pods Manifest.lock";
			outputPaths = (
				"$(DERIVED_FILE_DIR)/Pods-Travel-IT-checkManifestLockResult.txt",
			);
			runOnlyForDeploymentPostprocessing = 0;
			shellPath = /bin/sh;
			shellScript = "diff \"${PODS_PODFILE_DIR_PATH}/Podfile.lock\" \"${PODS_ROOT}/Manifest.lock\" > /dev/null\nif [ $? != 0 ] ; then\n    # print error to STDERR\n    echo \"error: The sandbox is not in sync with the Podfile.lock. Run 'pod install' or update your CocoaPods installation.\" >&2\n    exit 1\nfi\n# This output is used by Xcode 'outputs' to avoid re-running this script phase.\necho \"SUCCESS\" > \"${SCRIPT_OUTPUT_FILE_0}\"\n";
			showEnvVarsInLog = 0;
		};
		9EB23A7A83C4EE2A12C24313 /* [CP] Copy Pods Resources */ = {
			isa = PBXShellScriptBuildPhase;
			buildActionMask = 2147483647;
			files = (
			);
			inputPaths = (
			);
			name = "[CP] Copy Pods Resources";
			outputPaths = (
			);
			runOnlyForDeploymentPostprocessing = 0;
			shellPath = /bin/sh;
			shellScript = "\"${SRCROOT}/Pods/Target Support Files/Pods-Travel-ITTests/Pods-Travel-ITTests-resources.sh\"\n";
			showEnvVarsInLog = 0;
		};
		C21D130176C3A064E0320374 /* [CP] Check Pods Manifest.lock */ = {
			isa = PBXShellScriptBuildPhase;
			buildActionMask = 2147483647;
			files = (
			);
			inputPaths = (
				"${PODS_PODFILE_DIR_PATH}/Podfile.lock",
				"${PODS_ROOT}/Manifest.lock",
			);
			name = "[CP] Check Pods Manifest.lock";
			outputPaths = (
				"$(DERIVED_FILE_DIR)/Pods-Travel-ITUITests-checkManifestLockResult.txt",
			);
			runOnlyForDeploymentPostprocessing = 0;
			shellPath = /bin/sh;
			shellScript = "diff \"${PODS_PODFILE_DIR_PATH}/Podfile.lock\" \"${PODS_ROOT}/Manifest.lock\" > /dev/null\nif [ $? != 0 ] ; then\n    # print error to STDERR\n    echo \"error: The sandbox is not in sync with the Podfile.lock. Run 'pod install' or update your CocoaPods installation.\" >&2\n    exit 1\nfi\n# This output is used by Xcode 'outputs' to avoid re-running this script phase.\necho \"SUCCESS\" > \"${SCRIPT_OUTPUT_FILE_0}\"\n";
			showEnvVarsInLog = 0;
		};
		CA14BBFEE8A3AB5F3B129A8A /* [CP] Embed Pods Frameworks */ = {
			isa = PBXShellScriptBuildPhase;
			buildActionMask = 2147483647;
			files = (
			);
			inputPaths = (
			);
			name = "[CP] Embed Pods Frameworks";
			outputPaths = (
			);
			runOnlyForDeploymentPostprocessing = 0;
			shellPath = /bin/sh;
			shellScript = "\"${SRCROOT}/Pods/Target Support Files/Pods-Travel-ITUITests/Pods-Travel-ITUITests-frameworks.sh\"\n";
			showEnvVarsInLog = 0;
		};
		E53A826B878B6E141D8FDD0A /* [CP] Embed Pods Frameworks */ = {
			isa = PBXShellScriptBuildPhase;
			buildActionMask = 2147483647;
			files = (
			);
			inputPaths = (
			);
			name = "[CP] Embed Pods Frameworks";
			outputPaths = (
			);
			runOnlyForDeploymentPostprocessing = 0;
			shellPath = /bin/sh;
			shellScript = "\"${SRCROOT}/Pods/Target Support Files/Pods-Travel-ITTests/Pods-Travel-ITTests-frameworks.sh\"\n";
			showEnvVarsInLog = 0;
		};
		FE11142D8D6DDAAFE812EC83 /* [CP] Copy Pods Resources */ = {
			isa = PBXShellScriptBuildPhase;
			buildActionMask = 2147483647;
			files = (
			);
			inputPaths = (
			);
			name = "[CP] Copy Pods Resources";
			outputPaths = (
			);
			runOnlyForDeploymentPostprocessing = 0;
			shellPath = /bin/sh;
			shellScript = "\"${SRCROOT}/Pods/Target Support Files/Pods-Travel-ITUITests/Pods-Travel-ITUITests-resources.sh\"\n";
			showEnvVarsInLog = 0;
		};
/* End PBXShellScriptBuildPhase section */

/* Begin PBXSourcesBuildPhase section */
		147B50CF205CEA44001424D2 /* Sources */ = {
			isa = PBXSourcesBuildPhase;
			buildActionMask = 2147483647;
			files = (
				14A724D12063D7BA00A9BE47 /* CustomNavigationVC.swift in Sources */,
				147B50D9205CEA44001424D2 /* ViewController.swift in Sources */,
				14E6027320652A5D006BAFCF /* HotPostsListVC.swift in Sources */,
				14E6027F2067B6A5006BAFCF /* UIView+Properties.swift in Sources */,
				147B50D7205CEA44001424D2 /* AppDelegate.swift in Sources */,
				147B5105205CFD1A001424D2 /* PostsTableCell.swift in Sources */,
				147B5107205D6106001424D2 /* PostShowVC.swift in Sources */,
				14E60271206524A3006BAFCF /* UserProfileVC.swift in Sources */,
				14A724D32063DCD100A9BE47 /* CustomTabbarVC.swift in Sources */,
				14E6026F206522C3006BAFCF /* UsefulSteemitToolsVC.swift in Sources */,
				14E6027520652BBF006BAFCF /* HotPostShowVC.swift in Sources */,
				14E6027720652C3C006BAFCF /* HotPostsTableCell.swift in Sources */,
				14A724D52063DD0400A9BE47 /* BaseColours.swift in Sources */,
			);
			runOnlyForDeploymentPostprocessing = 0;
		};
		147B50E3205CEA44001424D2 /* Sources */ = {
			isa = PBXSourcesBuildPhase;
			buildActionMask = 2147483647;
			files = (
				147B50EC205CEA44001424D2 /* Travel_ITTests.swift in Sources */,
			);
			runOnlyForDeploymentPostprocessing = 0;
		};
		147B50EE205CEA44001424D2 /* Sources */ = {
			isa = PBXSourcesBuildPhase;
			buildActionMask = 2147483647;
			files = (
				147B50F7205CEA44001424D2 /* Travel_ITUITests.swift in Sources */,
			);
			runOnlyForDeploymentPostprocessing = 0;
		};
/* End PBXSourcesBuildPhase section */

/* Begin PBXTargetDependency section */
		147B50E9205CEA44001424D2 /* PBXTargetDependency */ = {
			isa = PBXTargetDependency;
			target = 147B50D2205CEA44001424D2 /* Travel-IT */;
			targetProxy = 147B50E8205CEA44001424D2 /* PBXContainerItemProxy */;
		};
		147B50F4205CEA44001424D2 /* PBXTargetDependency */ = {
			isa = PBXTargetDependency;
			target = 147B50D2205CEA44001424D2 /* Travel-IT */;
			targetProxy = 147B50F3205CEA44001424D2 /* PBXContainerItemProxy */;
		};
/* End PBXTargetDependency section */

/* Begin PBXVariantGroup section */
		147B50DA205CEA44001424D2 /* Main.storyboard */ = {
			isa = PBXVariantGroup;
			children = (
				147B50DB205CEA44001424D2 /* Base */,
			);
			name = Main.storyboard;
			sourceTree = "<group>";
		};
		147B50DF205CEA44001424D2 /* LaunchScreen.storyboard */ = {
			isa = PBXVariantGroup;
			children = (
				147B50E0205CEA44001424D2 /* Base */,
			);
			name = LaunchScreen.storyboard;
			sourceTree = "<group>";
		};
/* End PBXVariantGroup section */

/* Begin XCBuildConfiguration section */
		147B50F9205CEA44001424D2 /* Debug */ = {
			isa = XCBuildConfiguration;
			buildSettings = {
				ALWAYS_SEARCH_USER_PATHS = NO;
				CLANG_ANALYZER_NONNULL = YES;
				CLANG_ANALYZER_NUMBER_OBJECT_CONVERSION = YES_AGGRESSIVE;
				CLANG_CXX_LANGUAGE_STANDARD = "gnu++14";
				CLANG_CXX_LIBRARY = "libc++";
				CLANG_ENABLE_MODULES = YES;
				CLANG_ENABLE_OBJC_ARC = YES;
				CLANG_WARN_BLOCK_CAPTURE_AUTORELEASING = YES;
				CLANG_WARN_BOOL_CONVERSION = YES;
				CLANG_WARN_COMMA = YES;
				CLANG_WARN_CONSTANT_CONVERSION = YES;
				CLANG_WARN_DIRECT_OBJC_ISA_USAGE = YES_ERROR;
				CLANG_WARN_DOCUMENTATION_COMMENTS = YES;
				CLANG_WARN_EMPTY_BODY = YES;
				CLANG_WARN_ENUM_CONVERSION = YES;
				CLANG_WARN_INFINITE_RECURSION = YES;
				CLANG_WARN_INT_CONVERSION = YES;
				CLANG_WARN_NON_LITERAL_NULL_CONVERSION = YES;
				CLANG_WARN_OBJC_LITERAL_CONVERSION = YES;
				CLANG_WARN_OBJC_ROOT_CLASS = YES_ERROR;
				CLANG_WARN_RANGE_LOOP_ANALYSIS = YES;
				CLANG_WARN_STRICT_PROTOTYPES = YES;
				CLANG_WARN_SUSPICIOUS_MOVE = YES;
				CLANG_WARN_UNGUARDED_AVAILABILITY = YES_AGGRESSIVE;
				CLANG_WARN_UNREACHABLE_CODE = YES;
				CLANG_WARN__DUPLICATE_METHOD_MATCH = YES;
				CODE_SIGN_IDENTITY = "iPhone Developer";
				COPY_PHASE_STRIP = NO;
				DEBUG_INFORMATION_FORMAT = dwarf;
				ENABLE_STRICT_OBJC_MSGSEND = YES;
				ENABLE_TESTABILITY = YES;
				GCC_C_LANGUAGE_STANDARD = gnu11;
				GCC_DYNAMIC_NO_PIC = NO;
				GCC_NO_COMMON_BLOCKS = YES;
				GCC_OPTIMIZATION_LEVEL = 0;
				GCC_PREPROCESSOR_DEFINITIONS = (
					"DEBUG=1",
					"$(inherited)",
				);
				GCC_WARN_64_TO_32_BIT_CONVERSION = YES;
				GCC_WARN_ABOUT_RETURN_TYPE = YES_ERROR;
				GCC_WARN_UNDECLARED_SELECTOR = YES;
				GCC_WARN_UNINITIALIZED_AUTOS = YES_AGGRESSIVE;
				GCC_WARN_UNUSED_FUNCTION = YES;
				GCC_WARN_UNUSED_VARIABLE = YES;
				IPHONEOS_DEPLOYMENT_TARGET = 11.2;
				MTL_ENABLE_DEBUG_INFO = YES;
				ONLY_ACTIVE_ARCH = YES;
				SDKROOT = iphoneos;
				SWIFT_ACTIVE_COMPILATION_CONDITIONS = DEBUG;
				SWIFT_OPTIMIZATION_LEVEL = "-Onone";
			};
			name = Debug;
		};
		147B50FA205CEA44001424D2 /* Release */ = {
			isa = XCBuildConfiguration;
			buildSettings = {
				ALWAYS_SEARCH_USER_PATHS = NO;
				CLANG_ANALYZER_NONNULL = YES;
				CLANG_ANALYZER_NUMBER_OBJECT_CONVERSION = YES_AGGRESSIVE;
				CLANG_CXX_LANGUAGE_STANDARD = "gnu++14";
				CLANG_CXX_LIBRARY = "libc++";
				CLANG_ENABLE_MODULES = YES;
				CLANG_ENABLE_OBJC_ARC = YES;
				CLANG_WARN_BLOCK_CAPTURE_AUTORELEASING = YES;
				CLANG_WARN_BOOL_CONVERSION = YES;
				CLANG_WARN_COMMA = YES;
				CLANG_WARN_CONSTANT_CONVERSION = YES;
				CLANG_WARN_DIRECT_OBJC_ISA_USAGE = YES_ERROR;
				CLANG_WARN_DOCUMENTATION_COMMENTS = YES;
				CLANG_WARN_EMPTY_BODY = YES;
				CLANG_WARN_ENUM_CONVERSION = YES;
				CLANG_WARN_INFINITE_RECURSION = YES;
				CLANG_WARN_INT_CONVERSION = YES;
				CLANG_WARN_NON_LITERAL_NULL_CONVERSION = YES;
				CLANG_WARN_OBJC_LITERAL_CONVERSION = YES;
				CLANG_WARN_OBJC_ROOT_CLASS = YES_ERROR;
				CLANG_WARN_RANGE_LOOP_ANALYSIS = YES;
				CLANG_WARN_STRICT_PROTOTYPES = YES;
				CLANG_WARN_SUSPICIOUS_MOVE = YES;
				CLANG_WARN_UNGUARDED_AVAILABILITY = YES_AGGRESSIVE;
				CLANG_WARN_UNREACHABLE_CODE = YES;
				CLANG_WARN__DUPLICATE_METHOD_MATCH = YES;
				CODE_SIGN_IDENTITY = "iPhone Developer";
				COPY_PHASE_STRIP = NO;
				DEBUG_INFORMATION_FORMAT = "dwarf-with-dsym";
				ENABLE_NS_ASSERTIONS = NO;
				ENABLE_STRICT_OBJC_MSGSEND = YES;
				GCC_C_LANGUAGE_STANDARD = gnu11;
				GCC_NO_COMMON_BLOCKS = YES;
				GCC_WARN_64_TO_32_BIT_CONVERSION = YES;
				GCC_WARN_ABOUT_RETURN_TYPE = YES_ERROR;
				GCC_WARN_UNDECLARED_SELECTOR = YES;
				GCC_WARN_UNINITIALIZED_AUTOS = YES_AGGRESSIVE;
				GCC_WARN_UNUSED_FUNCTION = YES;
				GCC_WARN_UNUSED_VARIABLE = YES;
				IPHONEOS_DEPLOYMENT_TARGET = 11.2;
				MTL_ENABLE_DEBUG_INFO = NO;
				SDKROOT = iphoneos;
				SWIFT_OPTIMIZATION_LEVEL = "-Owholemodule";
				VALIDATE_PRODUCT = YES;
			};
			name = Release;
		};
		147B50FC205CEA44001424D2 /* Debug */ = {
			isa = XCBuildConfiguration;
			baseConfigurationReference = 40D2DA033EA82685DFCA66D7 /* Pods-Travel-IT.debug.xcconfig */;
			buildSettings = {
				ASSETCATALOG_COMPILER_APPICON_NAME = AppIcon;
				CODE_SIGN_STYLE = Automatic;
				DEVELOPMENT_TEAM = 6CKF2URQY6;
				INFOPLIST_FILE = "Travel-IT/Info.plist";
				IPHONEOS_DEPLOYMENT_TARGET = 11.0;
				LD_RUNPATH_SEARCH_PATHS = "$(inherited) @executable_path/Frameworks";
				PRODUCT_BUNDLE_IDENTIFIER = "com.personal.Travel-IT";
				PRODUCT_NAME = "$(TARGET_NAME)";
				SWIFT_VERSION = 4.0;
				TARGETED_DEVICE_FAMILY = 1;
			};
			name = Debug;
		};
		147B50FD205CEA44001424D2 /* Release */ = {
			isa = XCBuildConfiguration;
			baseConfigurationReference = 0414ED727009D50E6981CC27 /* Pods-Travel-IT.release.xcconfig */;
			buildSettings = {
				ASSETCATALOG_COMPILER_APPICON_NAME = AppIcon;
				CODE_SIGN_STYLE = Automatic;
				DEVELOPMENT_TEAM = 6CKF2URQY6;
				INFOPLIST_FILE = "Travel-IT/Info.plist";
				IPHONEOS_DEPLOYMENT_TARGET = 11.0;
				LD_RUNPATH_SEARCH_PATHS = "$(inherited) @executable_path/Frameworks";
				PRODUCT_BUNDLE_IDENTIFIER = "com.personal.Travel-IT";
				PRODUCT_NAME = "$(TARGET_NAME)";
				SWIFT_VERSION = 4.0;
				TARGETED_DEVICE_FAMILY = 1;
			};
			name = Release;
		};
		147B50FF205CEA44001424D2 /* Debug */ = {
			isa = XCBuildConfiguration;
			baseConfigurationReference = 7A14F663D0A9FBA7460D312B /* Pods-Travel-ITTests.debug.xcconfig */;
			buildSettings = {
				ALWAYS_EMBED_SWIFT_STANDARD_LIBRARIES = YES;
				BUNDLE_LOADER = "$(TEST_HOST)";
				CODE_SIGN_STYLE = Automatic;
				DEVELOPMENT_TEAM = 6CKF2URQY6;
				INFOPLIST_FILE = "Travel-ITTests/Info.plist";
				LD_RUNPATH_SEARCH_PATHS = "$(inherited) @executable_path/Frameworks @loader_path/Frameworks";
				PRODUCT_BUNDLE_IDENTIFIER = "com.personal.Travel-ITTests";
				PRODUCT_NAME = "$(TARGET_NAME)";
				SWIFT_VERSION = 4.0;
				TARGETED_DEVICE_FAMILY = "1,2";
				TEST_HOST = "$(BUILT_PRODUCTS_DIR)/Travel-IT.app/Travel-IT";
			};
			name = Debug;
		};
		147B5100205CEA44001424D2 /* Release */ = {
			isa = XCBuildConfiguration;
			baseConfigurationReference = E668B83B38D69F03FE7B7AC2 /* Pods-Travel-ITTests.release.xcconfig */;
			buildSettings = {
				ALWAYS_EMBED_SWIFT_STANDARD_LIBRARIES = YES;
				BUNDLE_LOADER = "$(TEST_HOST)";
				CODE_SIGN_STYLE = Automatic;
				DEVELOPMENT_TEAM = 6CKF2URQY6;
				INFOPLIST_FILE = "Travel-ITTests/Info.plist";
				LD_RUNPATH_SEARCH_PATHS = "$(inherited) @executable_path/Frameworks @loader_path/Frameworks";
				PRODUCT_BUNDLE_IDENTIFIER = "com.personal.Travel-ITTests";
				PRODUCT_NAME = "$(TARGET_NAME)";
				SWIFT_VERSION = 4.0;
				TARGETED_DEVICE_FAMILY = "1,2";
				TEST_HOST = "$(BUILT_PRODUCTS_DIR)/Travel-IT.app/Travel-IT";
			};
			name = Release;
		};
		147B5102205CEA44001424D2 /* Debug */ = {
			isa = XCBuildConfiguration;
			baseConfigurationReference = 2FB3863114ABC1A69AF198B0 /* Pods-Travel-ITUITests.debug.xcconfig */;
			buildSettings = {
				ALWAYS_EMBED_SWIFT_STANDARD_LIBRARIES = YES;
				CODE_SIGN_STYLE = Automatic;
				DEVELOPMENT_TEAM = 6CKF2URQY6;
				INFOPLIST_FILE = "Travel-ITUITests/Info.plist";
				LD_RUNPATH_SEARCH_PATHS = "$(inherited) @executable_path/Frameworks @loader_path/Frameworks";
				PRODUCT_BUNDLE_IDENTIFIER = "com.personal.Travel-ITUITests";
				PRODUCT_NAME = "$(TARGET_NAME)";
				SWIFT_VERSION = 4.0;
				TARGETED_DEVICE_FAMILY = "1,2";
				TEST_TARGET_NAME = "Travel-IT";
			};
			name = Debug;
		};
		147B5103205CEA44001424D2 /* Release */ = {
			isa = XCBuildConfiguration;
			baseConfigurationReference = 3CA0381B9729E9456583DD57 /* Pods-Travel-ITUITests.release.xcconfig */;
			buildSettings = {
				ALWAYS_EMBED_SWIFT_STANDARD_LIBRARIES = YES;
				CODE_SIGN_STYLE = Automatic;
				DEVELOPMENT_TEAM = 6CKF2URQY6;
				INFOPLIST_FILE = "Travel-ITUITests/Info.plist";
				LD_RUNPATH_SEARCH_PATHS = "$(inherited) @executable_path/Frameworks @loader_path/Frameworks";
				PRODUCT_BUNDLE_IDENTIFIER = "com.personal.Travel-ITUITests";
				PRODUCT_NAME = "$(TARGET_NAME)";
				SWIFT_VERSION = 4.0;
				TARGETED_DEVICE_FAMILY = "1,2";
				TEST_TARGET_NAME = "Travel-IT";
			};
			name = Release;
		};
/* End XCBuildConfiguration section */

/* Begin XCConfigurationList section */
		147B50CE205CEA44001424D2 /* Build configuration list for PBXProject "Travel-IT" */ = {
			isa = XCConfigurationList;
			buildConfigurations = (
				147B50F9205CEA44001424D2 /* Debug */,
				147B50FA205CEA44001424D2 /* Release */,
			);
			defaultConfigurationIsVisible = 0;
			defaultConfigurationName = Release;
		};
		147B50FB205CEA44001424D2 /* Build configuration list for PBXNativeTarget "Travel-IT" */ = {
			isa = XCConfigurationList;
			buildConfigurations = (
				147B50FC205CEA44001424D2 /* Debug */,
				147B50FD205CEA44001424D2 /* Release */,
			);
			defaultConfigurationIsVisible = 0;
			defaultConfigurationName = Release;
		};
		147B50FE205CEA44001424D2 /* Build configuration list for PBXNativeTarget "Travel-ITTests" */ = {
			isa = XCConfigurationList;
			buildConfigurations = (
				147B50FF205CEA44001424D2 /* Debug */,
				147B5100205CEA44001424D2 /* Release */,
			);
			defaultConfigurationIsVisible = 0;
			defaultConfigurationName = Release;
		};
		147B5101205CEA44001424D2 /* Build configuration list for PBXNativeTarget "Travel-ITUITests" */ = {
			isa = XCConfigurationList;
			buildConfigurations = (
				147B5102205CEA44001424D2 /* Debug */,
				147B5103205CEA44001424D2 /* Release */,
			);
			defaultConfigurationIsVisible = 0;
			defaultConfigurationName = Release;
		};
/* End XCConfigurationList section */
	};
	rootObject = 147B50CB205CEA44001424D2 /* Project object */;
}
