PODS:
  - Down (0.5.1)
  - NVActivityIndicatorView (4.1.1):
    - NVActivityIndicatorView/Presenter (= 4.1.1)
  - NVActivityIndicatorView/Presenter (4.1.1)
  - SDWebImage (4.2.3):
    - SDWebImage/Core (= 4.2.3)
  - SDWebImage/Core (4.2.3)
  - SwiftyJSON (4.0.0)

DEPENDENCIES:
  - Down
  - NVActivityIndicatorView
  - SDWebImage (~> 4.0)
  - SwiftyJSON

SPEC REPOS:
  https://github.com/CocoaPods/Specs.git:
    - Down
    - NVActivityIndicatorView
    - SDWebImage
    - SwiftyJSON

SPEC CHECKSUMS:
  Down: 6ace44ecec0c408826342ed420002f39a18e38c3
  NVActivityIndicatorView: 60109b9bf46efc2e71ab81453196ccdfdfeea870
  SDWebImage: 791bb72962b3492327ddcac4b1880bd1b5458431
  SwiftyJSON: 070dabdcb1beb81b247c65ffa3a79dbbfb3b48aa

PODFILE CHECKSUM: 946a3df490a693642ca8de3efca6c4532e63bd72

COCOAPODS: 1.5.0
